
Microsoft Visual Studio Solution File, Format Version 12.00
# Visual Studio Version 17
VisualStudioVersion = 17.11.35327.3
MinimumVisualStudioVersion = 10.0.40219.1
Project("{FAE04EC0-301F-11D3-BF4B-00C04F79EFBC}") = "ParkingAppApi", "ParkingAppApi\ParkingAppApi.csproj", "{727778EC-DF03-465C-8A1C-87757D444090}"
EndProject
Global
	GlobalSection(SolutionConfigurationPlatforms) = preSolution
		Debug|Any CPU = Debug|Any CPU
		Release|Any CPU = Release|Any CPU
	EndGlobalSection
	GlobalSection(ProjectConfigurationPlatforms) = postSolution
		{727778EC-DF03-465C-8A1C-87757D444090}.Debug|Any CPU.ActiveCfg = Debug|Any CPU
		{727778EC-DF03-465C-8A1C-87757D444090}.Debug|Any CPU.Build.0 = Debug|Any CPU
		{727778EC-DF03-465C-8A1C-87757D444090}.Release|Any CPU.ActiveCfg = Release|Any CPU
		{727778EC-DF03-465C-8A1C-87757D444090}.Release|Any CPU.Build.0 = Release|Any CPU
	EndGlobalSection
	GlobalSection(SolutionProperties) = preSolution
		HideSolutionNode = FALSE
	EndGlobalSection
	GlobalSection(ExtensibilityGlobals) = postSolution
		SolutionGuid = {102C4C5A-6038-4761-BB40-E23CAA31AB99}
	EndGlobalSection
EndGlobal
